// !$*UTF8*$!
{
	archiveVersion = 1;
	classes = {
	};
	objectVersion = 56;
	objects = {

/* Begin PBXBuildFile section */
		B1A2C3D42E8D1A2B00000001 /* KnotModels.swift in Sources */ = {isa = PBXBuildFile; fileRef = B1A2C3D42E8D1A2A00000001 /* KnotModels.swift */; };
		B1A2C3D42E8D1A2B00000002 /* NetworkClient.swift in Sources */ = {isa = PBXBuildFile; fileRef = B1A2C3D42E8D1A2A00000002 /* NetworkClient.swift */; };
		B1A2C3D42E8D1A2B00000003 /* CameraView.swift in Sources */ = {isa = PBXBuildFile; fileRef = B1A2C3D42E8D1A2A00000003 /* CameraView.swift */; };
		B1A2C3D42E8D1A2B00000004 /* ResultView.swift in Sources */ = {isa = PBXBuildFile; fileRef = B1A2C3D42E8D1A2A00000004 /* ResultView.swift */; };
		B1A2C3D42E8D1A2B00000005 /* ContentView.swift in Sources */ = {isa = PBXBuildFile; fileRef = B1A2C3D42E8D1A2A00000005 /* ContentView.swift */; };
		B1A2C3D42E8D1A2B00000006 /* KnotNetApp.swift in Sources */ = {isa = PBXBuildFile; fileRef = B1A2C3D42E8D1A2A00000006 /* KnotNetApp.swift */; };
/* End PBXBuildFile section */

/* Begin PBXFileReference section */
		B1A2C3D42E8D1A2A00000001 /* KnotModels.swift */ = {isa = PBXFileReference; fileEncoding = 4; lastKnownFileType = sourcecode.swift; name = KnotModels.swift; path = Sources/KnotModels.swift; sourceTree = "<group>"; };
		B1A2C3D42E8D1A2A00000002 /* NetworkClient.swift */ = {isa = PBXFileReference; fileEncoding = 4; lastKnownFileType = sourcecode.swift; name = NetworkClient.swift; path = Sources/NetworkClient.swift; sourceTree = "<group>"; };
		B1A2C3D42E8D1A2A00000003 /* CameraView.swift */ = {isa = PBXFileReference; fileEncoding = 4; lastKnownFileType = sourcecode.swift; name = CameraView.swift; path = Sources/CameraView.swift; sourceTree = "<group>"; };
		B1A2C3D42E8D1A2A00000004 /* ResultView.swift */ = {isa = PBXFileReference; fileEncoding = 4; lastKnownFileType = sourcecode.swift; name = ResultView.swift; path = Sources/ResultView.swift; sourceTree = "<group>"; };
		B1A2C3D42E8D1A2A00000005 /* ContentView.swift */ = {isa = PBXFileReference; fileEncoding = 4; lastKnownFileType = sourcecode.swift; name = ContentView.swift; path = Sources/ContentView.swift; sourceTree = "<group>"; };
		B1A2C3D42E8D1A2A00000006 /* KnotNetApp.swift */ = {isa = PBXFileReference; fileEncoding = 4; lastKnownFileType = sourcecode.swift; name = KnotNetApp.swift; path = Sources/KnotNetApp.swift; sourceTree = "<group>"; };
		B1A2C3D42E8D1A2A00000007 /* Info.plist */ = {isa = PBXFileReference; fileEncoding = 4; lastKnownFileType = text.plist.xml; name = Info.plist; path = Sources/Info.plist; sourceTree = "<group>"; };
		B1A2C3D42E8D1A3000000000 /* KnotNetApp.app */ = {isa = PBXFileReference; explicitFileType = wrapper.application; includeInIndex = 0; path = KnotNetApp.app; sourceTree = BUILT_PRODUCTS_DIR; };
/* End PBXFileReference section */

/* Begin PBXFrameworksBuildPhase section */
		B1A2C3D42E8D1A2C00000000 /* Frameworks */ = {
			isa = PBXFrameworksBuildPhase;
			buildActionMask = 2147483647;
			files = (
			);
			runOnlyForDeploymentPostprocessing = 0;
		};
/* End PBXFrameworksBuildPhase section */

/* Begin PBXGroup section */
		B1A2C3D42E8D1A2D00000000 = {
			isa = PBXGroup;
			children = (
				B1A2C3D42E8D1A2E00000000 /* KnotNetApp */,
				B1A2C3D42E8D1A2F00000000 /* Products */,
			);
			sourceTree = "<group>";
		};
		B1A2C3D42E8D1A2E00000000 /* KnotNetApp */ = {
			isa = PBXGroup;
			children = (
				B1A2C3D42E8D1A2A00000006 /* KnotNetApp.swift */,
				B1A2C3D42E8D1A2A00000005 /* ContentView.swift */,
				B1A2C3D42E8D1A2A00000004 /* ResultView.swift */,
				B1A2C3D42E8D1A2A00000003 /* CameraView.swift */,
				B1A2C3D42E8D1A2A00000002 /* NetworkClient.swift */,
				B1A2C3D42E8D1A2A00000001 /* KnotModels.swift */,
				B1A2C3D42E8D1A2A00000007 /* Info.plist */,
			);
			name = KnotNetApp;
			sourceTree = "<group>";
		};
		B1A2C3D42E8D1A2F00000000 /* Products */ = {
			isa = PBXGroup;
			children = (
				B1A2C3D42E8D1A3000000000 /* KnotNetApp.app */,
			);
			name = Products;
			sourceTree = "<group>";
		};
/* End PBXGroup section */

/* Begin PBXNativeTarget section */
		B1A2C3D42E8D1A3100000000 /* KnotNetApp */ = {
			isa = PBXNativeTarget;
			buildConfigurationList = B1A2C3D42E8D1A3200000000 /* Build configuration list for PBXNativeTarget "KnotNetApp" */;
			buildPhases = (
				B1A2C3D42E8D1A3300000000 /* Sources */,
				B1A2C3D42E8D1A2C00000000 /* Frameworks */,
				B1A2C3D42E8D1A3400000000 /* Resources */,
			);
			buildRules = (
			);
			dependencies = (
			);
			name = KnotNetApp;
			productName = KnotNetApp;
			productReference = B1A2C3D42E8D1A3000000000 /* KnotNetApp.app */;
			productType = "com.apple.product-type.application";
		};
/* End PBXNativeTarget section */

/* Begin PBXProject section */
		B1A2C3D42E8D1A3500000000 /* Project object */ = {
			isa = PBXProject;
			attributes = {
				BuildIndependentTargetsInParallel = 1;
				LastSwiftUpdateCheck = 1500;
				LastUpgradeCheck = 1500;
				TargetAttributes = {
					B1A2C3D42E8D1A3100000000 = {
						CreatedOnToolsVersion = 15.0;
					};
				};
			};
			buildConfigurationList = B1A2C3D42E8D1A3600000000 /* Build configuration list for PBXProject "KnotNetApp" */;
			compatibilityVersion = "Xcode 14.0";
			developmentRegion = de;
			hasScannedForEncodings = 0;
			knownRegions = (
				de,
				Base,
			);
			mainGroup = B1A2C3D42E8D1A2D00000000;
			productRefGroup = B1A2C3D42E8D1A2F00000000 /* Products */;
			projectDirPath = "";
			projectRoot = "";
			targets = (
				B1A2C3D42E8D1A3100000000 /* KnotNetApp */,
			);
		};
/* End PBXProject section */

/* Begin PBXResourcesBuildPhase section */
		B1A2C3D42E8D1A3400000000 /* Resources */ = {
			isa = PBXResourcesBuildPhase;
			buildActionMask = 2147483647;
			files = (
			);
			runOnlyForDeploymentPostprocessing = 0;
		};
/* End PBXResourcesBuildPhase section */

/* Begin PBXSourcesBuildPhase section */
		B1A2C3D42E8D1A3300000000 /* Sources */ = {
			isa = PBXSourcesBuildPhase;
			buildActionMask = 2147483647;
			files = (
				B1A2C3D42E8D1A2B00000001 /* KnotModels.swift in Sources */,
				B1A2C3D42E8D1A2B00000002 /* NetworkClient.swift in Sources */,
				B1A2C3D42E8D1A2B00000003 /* CameraView.swift in Sources */,
				B1A2C3D42E8D1A2B00000004 /* ResultView.swift in Sources */,
				B1A2C3D42E8D1A2B00000005 /* ContentView.swift in Sources */,
				B1A2C3D42E8D1A2B00000006 /* KnotNetApp.swift in Sources */,
			);
			runOnlyForDeploymentPostprocessing = 0;
		};
/* End PBXSourcesBuildPhase section */

/* Begin XCBuildConfiguration section */
		B1A2C3D42E8D1A3700000001 /* Debug */ = {
			isa = XCBuildConfiguration;
			buildSettings = {
				ALWAYS_SEARCH_USER_PATHS = NO;
				CLANG_ANALYZER_NONNULL = YES;
				CLANG_ANALYZER_NUMBER_OBJECT_CONVERSION = YES_AGGRESSIVE;
				CLANG_CXX_LANGUAGE_STANDARD = "gnu++20";
				CLANG_CXX_LIBRARY = "libc++";
				CLANG_ENABLE_MODULES = YES;
				CLANG_ENABLE_OBJC_ARC = YES;
				CLANG_ENABLE_OBJC_WEAK = YES;
				CLANG_WARN_BLOCK_CAPTURE_AUTORELEASING = YES;
				CLANG_WARN_BOOL_CONVERSION = YES;
				CLANG_WARN_COMMA = YES;
				CLANG_WARN_CONSTANT_CONVERSION = YES;
				CLANG_WARN_DEPRECATED_OBJC_IMPLEMENTATIONS = YES;
				CLANG_WARN_DIRECT_OBJC_WRITE_KEYPATH = YES;
				CLANG_WARN_DOCUMENTATION_COMMENTS = YES;
				CLANG_WARN_EMPTY_BODY = YES;
				CLANG_WARN_ENUM_CONVERSION = YES;
				CLANG_WARN_INFINITE_RECURSION = YES;
				CLANG_WARN_INT_CONVERSION = YES;
				CLANG_WARN_NON_LITERAL_NULL_CONVERSION = YES;
				CLANG_WARN_OBJC_IMPLICIT_RETAIN_SELF = YES;
				CLANG_WARN_OBJC_LITERAL_CONVERSION = YES;
				CLANG_WARN_OBJC_ROOT_CLASS = YES_ERROR;
				CLANG_WARN_QUICKLOOK_OBJC_REPLACEMENT = YES;
				CLANG_WARN_RANGE_LOOP_ANALYSIS = YES;
				CLANG_WARN_STRICT_PROTOTYPES = YES;
				CLANG_WARN_SUSPICIOUS_MOVE = YES;
				CLANG_WARN_UNGUARDED_AVAILABILITY = YES_AGGRESSIVE;
				CLANG_WARN_UNREACHABLE_CODE = YES;
				COPY_PHASE_STRIP = NO;
				DEBUG_INFORMATION_FORMAT = dwarf;
				ENABLE_STRICT_OBJC_MSGSEND = YES;
				ENABLE_TESTABILITY = YES;
				GCC_C_LANGUAGE_STANDARD = gnu11;
				GCC_DYNAMIC_NO_PIC = NO;
				GCC_NO_COMMON_BLOCKS = YES;
				GCC_OPTIMIZATION_LEVEL = 0;
				GCC_PREPROCESSOR_DEFINITIONS = (
					"DEBUG=1",
					"$(inherited)",
				);
				GCC_WARN_64_TO_32_BIT_CONVERSION = YES;
				GCC_WARN_ABOUT_RETURN_TYPE = YES_ERROR;
				GCC_WARN_UNDECLARED_SELECTOR = YES;
				GCC_WARN_UNINITIALIZED_ACTUAL = YES_AGGRESSIVE;
				GCC_WARN_UNUSED_FUNCTION = YES;
				GCC_WARN_UNUSED_VARIABLE = YES;
				IPHONEOS_DEPLOYMENT_TARGET = 16.0;
				MTL_ENABLE_DEBUG_INFO = INCLUDE_SOURCE;
				MTL_FAST_MATH = YES;
				ONLY_ACTIVE_ARCH = YES;
				SDKROOT = iphoneos;
				SWIFT_ACTIVE_COMPILATION_CONDITIONS = DEBUG;
				SWIFT_OPTIMIZATION_LEVEL = "-Onone";
			};
			name = Debug;
		};
		B1A2C3D42E8D1A3700000002 /* Release */ = {
			isa = XCBuildConfiguration;
			buildSettings = {
				ALWAYS_SEARCH_USER_PATHS = NO;
				CLANG_ANALYZER_NONNULL = YES;
				CLANG_ANALYZER_NUMBER_OBJECT_CONVERSION = YES_AGGRESSIVE;
				CLANG_CXX_LANGUAGE_STANDARD = "gnu++20";
				CLANG_CXX_LIBRARY = "libc++";
				CLANG_ENABLE_MODULES = YES;
				CLANG_ENABLE_OBJC_ARC = YES;
				CLANG_ENABLE_OBJC_WEAK = YES;
				CLANG_WARN_BLOCK_CAPTURE_AUTORELEASING = YES;
				CLANG_WARN_BOOL_CONVERSION = YES;
				CLANG_WARN_COMMA = YES;
				CLANG_WARN_CONSTANT_CONVERSION = YES;
				CLANG_WARN_DEPRECATED_OBJC_IMPLEMENTATIONS = YES;
				CLANG_WARN_DIRECT_OBJC_WRITE_KEYPATH = YES;
				CLANG_WARN_DOCUMENTATION_COMMENTS = YES;
				CLANG_WARN_EMPTY_BODY = YES;
				CLANG_WARN_ENUM_CONVERSION = YES;
				CLANG_WARN_INFINITE_RECURSION = YES;
				CLANG_WARN_INT_CONVERSION = YES;
				CLANG_WARN_NON_LITERAL_NULL_CONVERSION = YES;
				CLANG_WARN_OBJC_IMPLICIT_RETAIN_SELF = YES;
				CLANG_WARN_OBJC_LITERAL_CONVERSION = YES;
				CLANG_WARN_OBJC_ROOT_CLASS = YES_ERROR;
				CLANG_WARN_QUICKLOOK_OBJC_REPLACEMENT = YES;
				CLANG_WARN_RANGE_LOOP_ANALYSIS = YES;
				CLANG_WARN_STRICT_PROTOTYPES = YES;
				CLANG_WARN_SUSPICIOUS_MOVE = YES;
				CLANG_WARN_UNGUARDED_AVAILABILITY = YES_AGGRESSIVE;
				CLANG_WARN_UNREACHABLE_CODE = YES;
				COPY_PHASE_STRIP = YES;
				DEBUG_INFORMATION_FORMAT = "dwarf-with-dsym";
				ENABLE_NS_ASSERTIONS = NO;
				ENABLE_STRICT_OBJC_MSGSEND = YES;
				GCC_C_LANGUAGE_STANDARD = gnu11;
				GCC_NO_COMMON_BLOCKS = YES;
				GCC_WARN_64_TO_32_BIT_CONVERSION = YES;
				GCC_WARN_ABOUT_RETURN_TYPE = YES_ERROR;
				GCC_WARN_UNDECLARED_SELECTOR = YES;
				GCC_WARN_UNINITIALIZED_ACTUAL = YES_AGGRESSIVE;
				GCC_WARN_UNUSED_FUNCTION = YES;
				GCC_WARN_UNUSED_VARIABLE = YES;
				IPHONEOS_DEPLOYMENT_TARGET = 16.0;
				MTL_ENABLE_DEBUG_INFO = NO;
				MTL_FAST_MATH = YES;
				SDKROOT = iphoneos;
				SWIFT_COMPILATION_MODE = wholemodule;
				SWIFT_OPTIMIZATION_LEVEL = "-O";
				VALIDATE_PRODUCT = YES;
			};
			name = Release;
		};
		B1A2C3D42E8D1A3800000001 /* Debug */ = {
			isa = XCBuildConfiguration;
			buildSettings = {
				ASSETCATALOG_COMPILER_APPICON_NAME = AppIcon;
				ASSETCATALOG_COMPILER_GLOBAL_ACCENT_COLOR_NAME = AccentColor;
				CODE_SIGN_STYLE = Automatic;
				CURRENT_PROJECT_VERSION = 1;
				DEVELOPMENT_ASSET_PATHS = "";
				DEVELOPMENT_TEAM = UXRGKBWP3W;
				ENABLE_PREVIEWS = YES;
				GENERATE_INFOPLIST_FILE = NO;
				INFOPLIST_FILE = Sources/Info.plist;
				INFOPLIST_KEY_CFBundleDisplayName = KnotNet;
				IPHONEOS_DEPLOYMENT_TARGET = 16.0;
				LD_RUNPATH_SEARCH_PATHS = (
					"$(inherited)",
					"@executable_path/Frameworks",
				);
				MARKETING_VERSION = 1.0;
				PRODUCT_BUNDLE_IDENTIFIER = de.knotnet.KnotNetApp;
				PRODUCT_NAME = "$(TARGET_NAME)";
				SUPPORTED_PLATFORMS = "iphoneos iphonesimulator";
				SWIFT_EMIT_LOC_STRINGS = YES;
				SWIFT_VERSION = 5.0;
				TARGETED_DEVICE_FAMILY = "1,2";
			};
			name = Debug;
		};
		B1A2C3D42E8D1A3800000002 /* Release */ = {
			isa = XCBuildConfiguration;
			buildSettings = {
				ASSETCATALOG_COMPILER_APPICON_NAME = AppIcon;
				ASSETCATALOG_COMPILER_GLOBAL_ACCENT_COLOR_NAME = AccentColor;
				CODE_SIGN_STYLE = Automatic;
				CURRENT_PROJECT_VERSION = 1;
				DEVELOPMENT_ASSET_PATHS = "";
				DEVELOPMENT_TEAM = UXRGKBWP3W;
				ENABLE_PREVIEWS = YES;
				GENERATE_INFOPLIST_FILE = NO;
				INFOPLIST_FILE = Sources/Info.plist;
				INFOPLIST_KEY_CFBundleDisplayName = KnotNet;
				IPHONEOS_DEPLOYMENT_TARGET = 16.0;
				LD_RUNPATH_SEARCH_PATHS = (
					"$(inherited)",
					"@executable_path/Frameworks",
				);
				MARKETING_VERSION = 1.0;
				PRODUCT_BUNDLE_IDENTIFIER = de.knotnet.KnotNetApp;
				PRODUCT_NAME = "$(TARGET_NAME)";
				SUPPORTED_PLATFORMS = "iphoneos iphonesimulator";
				SWIFT_EMIT_LOC_STRINGS = YES;
				SWIFT_VERSION = 5.0;
				TARGETED_DEVICE_FAMILY = "1,2";
			};
			name = Release;
		};
/* End XCBuildConfiguration section */

/* Begin XCConfigurationList section */
		B1A2C3D42E8D1A3200000000 /* Build configuration list for PBXNativeTarget "KnotNetApp" */ = {
			isa = XCConfigurationList;
			buildConfigurations = (
				B1A2C3D42E8D1A3800000001 /* Debug */,
				B1A2C3D42E8D1A3800000002 /* Release */,
			);
			defaultConfigurationIsVisible = 0;
			defaultConfigurationName = Release;
		};
		B1A2C3D42E8D1A3600000000 /* Build configuration list for PBXProject "KnotNetApp" */ = {
			isa = XCConfigurationList;
			buildConfigurations = (
				B1A2C3D42E8D1A3700000001 /* Debug */,
				B1A2C3D42E8D1A3700000002 /* Release */,
			);
			defaultConfigurationIsVisible = 0;
			defaultConfigurationName = Release;
		};
/* End XCConfigurationList section */
	};
	rootObject = B1A2C3D42E8D1A3500000000 /* Project object */;
}
